
Microsoft Visual Studio Solution File, Format Version 12.00
# Visual Studio Version 17
VisualStudioVersion = 17.10.35027.167
MinimumVisualStudioVersion = 10.0.40219.1
Project("{FAE04EC0-301F-11D3-BF4B-00C04F79EFBC}") = "etancoop2", "etancoop2.csproj", "{EF2BD5CF-7412-4568-ABCD-F76C107A4A78}"
EndProject
Global
	GlobalSection(SolutionConfigurationPlatforms) = preSolution
		Debug|Any CPU = Debug|Any CPU
		Release|Any CPU = Release|Any CPU
	EndGlobalSection
	GlobalSection(ProjectConfigurationPlatforms) = postSolution
		{EF2BD5CF-7412-4568-ABCD-F76C107A4A78}.Debug|Any CPU.ActiveCfg = Debug|Any CPU
		{EF2BD5CF-7412-4568-ABCD-F76C107A4A78}.Debug|Any CPU.Build.0 = Debug|Any CPU
		{EF2BD5CF-7412-4568-ABCD-F76C107A4A78}.Release|Any CPU.ActiveCfg = Release|Any CPU
		{EF2BD5CF-7412-4568-ABCD-F76C107A4A78}.Release|Any CPU.Build.0 = Release|Any CPU
	EndGlobalSection
	GlobalSection(SolutionProperties) = preSolution
		HideSolutionNode = FALSE
	EndGlobalSection
	GlobalSection(ExtensibilityGlobals) = postSolution
		SolutionGuid = {94BCBD9B-EDEA-42A2-9AD3-3DCF3AC653A3}
	EndGlobalSection
EndGlobal
